// !$*UTF8*$!
{
	archiveVersion = 1;
	classes = {
	};
	objectVersion = 46;
	objects = {

/* Begin PBXBuildFile section */
		8566A60F12BD5C92004FA3C1 /* Cocoa.framework in Frameworks */ = {isa = PBXBuildFile; fileRef = 8566A60E12BD5C92004FA3C1 /* Cocoa.framework */; };
		8566A61412BD5C92004FA3C1 /* InfoPlist.strings in Resources */ = {isa = PBXBuildFile; fileRef = 8566A61212BD5C92004FA3C1 /* InfoPlist.strings */; };
		8566A62712BD5CCB004FA3C1 /* NSColor+CGColor.h in Headers */ = {isa = PBXBuildFile; fileRef = 8566A61C12BD5CCB004FA3C1 /* NSColor+CGColor.h */; settings = {ATTRIBUTES = (Public, ); }; };
		8566A62812BD5CCB004FA3C1 /* NSColor+CGColor.m in Sources */ = {isa = PBXBuildFile; fileRef = 8566A61D12BD5CCB004FA3C1 /* NSColor+CGColor.m */; };
		8566A62912BD5CCB004FA3C1 /* ORController.h in Headers */ = {isa = PBXBuildFile; fileRef = 8566A61E12BD5CCB004FA3C1 /* ORController.h */; settings = {ATTRIBUTES = (Public, ); }; };
		8566A62A12BD5CCB004FA3C1 /* ORController.m in Sources */ = {isa = PBXBuildFile; fileRef = 8566A61F12BD5CCB004FA3C1 /* ORController.m */; };
		8566A62B12BD5CCB004FA3C1 /* OrganicUI.h in Headers */ = {isa = PBXBuildFile; fileRef = 8566A62012BD5CCB004FA3C1 /* OrganicUI.h */; settings = {ATTRIBUTES = (Public, ); }; };
		8566A62C12BD5CCB004FA3C1 /* ORTitleBar.h in Headers */ = {isa = PBXBuildFile; fileRef = 8566A62112BD5CCB004FA3C1 /* ORTitleBar.h */; settings = {ATTRIBUTES = (Public, ); }; };
		8566A62D12BD5CCB004FA3C1 /* ORTitleBar.m in Sources */ = {isa = PBXBuildFile; fileRef = 8566A62212BD5CCB004FA3C1 /* ORTitleBar.m */; };
		8566A62E12BD5CCB004FA3C1 /* ORWindow.h in Headers */ = {isa = PBXBuildFile; fileRef = 8566A62312BD5CCB004FA3C1 /* ORWindow.h */; settings = {ATTRIBUTES = (Public, ); }; };
		8566A62F12BD5CCB004FA3C1 /* ORWindow.m in Sources */ = {isa = PBXBuildFile; fileRef = 8566A62412BD5CCB004FA3C1 /* ORWindow.m */; };
		8566A63612BD6A32004FA3C1 /* Quartz.framework in Frameworks */ = {isa = PBXBuildFile; fileRef = 8566A63412BD6A32004FA3C1 /* Quartz.framework */; };
		8566A63712BD6A32004FA3C1 /* QuartzCore.framework in Frameworks */ = {isa = PBXBuildFile; fileRef = 8566A63512BD6A32004FA3C1 /* QuartzCore.framework */; };
		85DACA4D12C1AFC0008716EC /* NSBezierPath+JDAdditions.h in Headers */ = {isa = PBXBuildFile; fileRef = 85DACA4B12C1AFC0008716EC /* NSBezierPath+JDAdditions.h */; settings = {ATTRIBUTES = (Public, ); }; };
		85DACA4E12C1AFC0008716EC /* NSBezierPath+JDAdditions.m in Sources */ = {isa = PBXBuildFile; fileRef = 85DACA4C12C1AFC0008716EC /* NSBezierPath+JDAdditions.m */; };
/* End PBXBuildFile section */

/* Begin PBXFileReference section */
		8566A60C12BD5C92004FA3C1 /* OrganicUI.framework */ = {isa = PBXFileReference; explicitFileType = wrapper.framework; includeInIndex = 0; path = OrganicUI.framework; sourceTree = BUILT_PRODUCTS_DIR; };
		8566A60E12BD5C92004FA3C1 /* Cocoa.framework */ = {isa = PBXFileReference; lastKnownFileType = wrapper.framework; name = Cocoa.framework; path = System/Library/Frameworks/Cocoa.framework; sourceTree = SDKROOT; };
		8566A61012BD5C92004FA3C1 /* OrganicUI-Info.plist */ = {isa = PBXFileReference; lastKnownFileType = text.plist.xml; path = "OrganicUI-Info.plist"; sourceTree = "<group>"; };
		8566A61112BD5C92004FA3C1 /* OrganicUI-Prefix.pch */ = {isa = PBXFileReference; lastKnownFileType = sourcecode.c.h; path = "OrganicUI-Prefix.pch"; sourceTree = "<group>"; };
		8566A61312BD5C92004FA3C1 /* en */ = {isa = PBXFileReference; lastKnownFileType = text.plist.strings; name = en; path = en.lproj/InfoPlist.strings; sourceTree = "<group>"; };
		8566A61C12BD5CCB004FA3C1 /* NSColor+CGColor.h */ = {isa = PBXFileReference; fileEncoding = 4; lastKnownFileType = sourcecode.c.h; path = "NSColor+CGColor.h"; sourceTree = "<group>"; };
		8566A61D12BD5CCB004FA3C1 /* NSColor+CGColor.m */ = {isa = PBXFileReference; fileEncoding = 4; lastKnownFileType = sourcecode.c.objc; path = "NSColor+CGColor.m"; sourceTree = "<group>"; };
		8566A61E12BD5CCB004FA3C1 /* ORController.h */ = {isa = PBXFileReference; fileEncoding = 4; lastKnownFileType = sourcecode.c.h; path = ORController.h; sourceTree = "<group>"; };
		8566A61F12BD5CCB004FA3C1 /* ORController.m */ = {isa = PBXFileReference; fileEncoding = 4; lastKnownFileType = sourcecode.c.objc; path = ORController.m; sourceTree = "<group>"; };
		8566A62012BD5CCB004FA3C1 /* OrganicUI.h */ = {isa = PBXFileReference; fileEncoding = 4; lastKnownFileType = sourcecode.c.h; name = OrganicUI.h; path = Classes/OrganicUI.h; sourceTree = "<group>"; };
		8566A62112BD5CCB004FA3C1 /* ORTitleBar.h */ = {isa = PBXFileReference; fileEncoding = 4; lastKnownFileType = sourcecode.c.h; path = ORTitleBar.h; sourceTree = "<group>"; };
		8566A62212BD5CCB004FA3C1 /* ORTitleBar.m */ = {isa = PBXFileReference; fileEncoding = 4; lastKnownFileType = sourcecode.c.objc; path = ORTitleBar.m; sourceTree = "<group>"; };
		8566A62312BD5CCB004FA3C1 /* ORWindow.h */ = {isa = PBXFileReference; fileEncoding = 4; lastKnownFileType = sourcecode.c.h; path = ORWindow.h; sourceTree = "<group>"; };
		8566A62412BD5CCB004FA3C1 /* ORWindow.m */ = {isa = PBXFileReference; fileEncoding = 4; lastKnownFileType = sourcecode.c.objc; path = ORWindow.m; sourceTree = "<group>"; };
		8566A63412BD6A32004FA3C1 /* Quartz.framework */ = {isa = PBXFileReference; lastKnownFileType = wrapper.framework; name = Quartz.framework; path = /System/Library/Frameworks/Quartz.framework; sourceTree = "<absolute>"; };
		8566A63512BD6A32004FA3C1 /* QuartzCore.framework */ = {isa = PBXFileReference; lastKnownFileType = wrapper.framework; name = QuartzCore.framework; path = /System/Library/Frameworks/QuartzCore.framework; sourceTree = "<absolute>"; };
		85DACA4B12C1AFC0008716EC /* NSBezierPath+JDAdditions.h */ = {isa = PBXFileReference; fileEncoding = 4; lastKnownFileType = sourcecode.c.h; path = "NSBezierPath+JDAdditions.h"; sourceTree = "<group>"; };
		85DACA4C12C1AFC0008716EC /* NSBezierPath+JDAdditions.m */ = {isa = PBXFileReference; fileEncoding = 4; lastKnownFileType = sourcecode.c.objc; path = "NSBezierPath+JDAdditions.m"; sourceTree = "<group>"; };
/* End PBXFileReference section */

/* Begin PBXFrameworksBuildPhase section */
		8566A60812BD5C92004FA3C1 /* Frameworks */ = {
			isa = PBXFrameworksBuildPhase;
			buildActionMask = 2147483647;
			files = (
				8566A60F12BD5C92004FA3C1 /* Cocoa.framework in Frameworks */,
				8566A63612BD6A32004FA3C1 /* Quartz.framework in Frameworks */,
				8566A63712BD6A32004FA3C1 /* QuartzCore.framework in Frameworks */,
			);
			runOnlyForDeploymentPostprocessing = 0;
		};
/* End PBXFrameworksBuildPhase section */

/* Begin PBXGroup section */
		8566A5FC12BD5C92004FA3C1 = {
			isa = PBXGroup;
			children = (
				8566A60312BD5C92004FA3C1 /* Classes */,
				8566A60412BD5C92004FA3C1 /* Other Sources */,
				8566A60512BD5C92004FA3C1 /* Resources */,
				8566A60612BD5C92004FA3C1 /* Frameworks */,
				8566A60D12BD5C92004FA3C1 /* Products */,
			);
			sourceTree = "<group>";
		};
		8566A60312BD5C92004FA3C1 /* Classes */ = {
			isa = PBXGroup;
			children = (
				85DACA4B12C1AFC0008716EC /* NSBezierPath+JDAdditions.h */,
				85DACA4C12C1AFC0008716EC /* NSBezierPath+JDAdditions.m */,
				8566A61C12BD5CCB004FA3C1 /* NSColor+CGColor.h */,
				8566A61D12BD5CCB004FA3C1 /* NSColor+CGColor.m */,
				8566A61E12BD5CCB004FA3C1 /* ORController.h */,
				8566A61F12BD5CCB004FA3C1 /* ORController.m */,
				8566A62112BD5CCB004FA3C1 /* ORTitleBar.h */,
				8566A62212BD5CCB004FA3C1 /* ORTitleBar.m */,
				8566A62312BD5CCB004FA3C1 /* ORWindow.h */,
				8566A62412BD5CCB004FA3C1 /* ORWindow.m */,
			);
			path = Classes;
			sourceTree = "<group>";
		};
		8566A60412BD5C92004FA3C1 /* Other Sources */ = {
			isa = PBXGroup;
			children = (
				8566A61112BD5C92004FA3C1 /* OrganicUI-Prefix.pch */,
			);
			name = "Other Sources";
			sourceTree = "<group>";
		};
		8566A60512BD5C92004FA3C1 /* Resources */ = {
			isa = PBXGroup;
			children = (
				8566A62012BD5CCB004FA3C1 /* OrganicUI.h */,
				8566A61012BD5C92004FA3C1 /* OrganicUI-Info.plist */,
				8566A61212BD5C92004FA3C1 /* InfoPlist.strings */,
			);
			name = Resources;
			sourceTree = "<group>";
		};
		8566A60612BD5C92004FA3C1 /* Frameworks */ = {
			isa = PBXGroup;
			children = (
				8566A63412BD6A32004FA3C1 /* Quartz.framework */,
				8566A63512BD6A32004FA3C1 /* QuartzCore.framework */,
				8566A60E12BD5C92004FA3C1 /* Cocoa.framework */,
			);
			name = Frameworks;
			sourceTree = "<group>";
		};
		8566A60D12BD5C92004FA3C1 /* Products */ = {
			isa = PBXGroup;
			children = (
				8566A60C12BD5C92004FA3C1 /* OrganicUI.framework */,
			);
			name = Products;
			sourceTree = "<group>";
		};
/* End PBXGroup section */

/* Begin PBXHeadersBuildPhase section */
		8566A60912BD5C92004FA3C1 /* Headers */ = {
			isa = PBXHeadersBuildPhase;
			buildActionMask = 2147483647;
			files = (
				8566A62B12BD5CCB004FA3C1 /* OrganicUI.h in Headers */,
				8566A62712BD5CCB004FA3C1 /* NSColor+CGColor.h in Headers */,
				8566A62912BD5CCB004FA3C1 /* ORController.h in Headers */,
				8566A62C12BD5CCB004FA3C1 /* ORTitleBar.h in Headers */,
				8566A62E12BD5CCB004FA3C1 /* ORWindow.h in Headers */,
				85DACA4D12C1AFC0008716EC /* NSBezierPath+JDAdditions.h in Headers */,
			);
			runOnlyForDeploymentPostprocessing = 0;
		};
/* End PBXHeadersBuildPhase section */

/* Begin PBXNativeTarget section */
		8566A60B12BD5C92004FA3C1 /* OrganicUI */ = {
			isa = PBXNativeTarget;
			buildConfigurationList = 8566A61712BD5C92004FA3C1 /* Build configuration list for PBXNativeTarget "OrganicUI" */;
			buildPhases = (
				8566A60712BD5C92004FA3C1 /* Sources */,
				8566A60812BD5C92004FA3C1 /* Frameworks */,
				8566A60912BD5C92004FA3C1 /* Headers */,
				8566A60A12BD5C92004FA3C1 /* Resources */,
			);
			buildRules = (
			);
			dependencies = (
			);
			name = OrganicUI;
			productName = OrganicUI;
			productReference = 8566A60C12BD5C92004FA3C1 /* OrganicUI.framework */;
			productType = "com.apple.product-type.framework";
		};
/* End PBXNativeTarget section */

/* Begin PBXProject section */
		8566A5FE12BD5C92004FA3C1 /* Project object */ = {
			isa = PBXProject;
			attributes = {
				ORGANIZATIONNAME = N/A;
			};
			buildConfigurationList = 8566A60112BD5C92004FA3C1 /* Build configuration list for PBXProject "OrganicUI" */;
			compatibilityVersion = "Xcode 3.2";
			developmentRegion = English;
			hasScannedForEncodings = 0;
			knownRegions = (
				en,
			);
			mainGroup = 8566A5FC12BD5C92004FA3C1;
			productRefGroup = 8566A60D12BD5C92004FA3C1 /* Products */;
			projectDirPath = "";
			projectRoot = "";
			targets = (
				8566A60B12BD5C92004FA3C1 /* OrganicUI */,
			);
		};
/* End PBXProject section */

/* Begin PBXResourcesBuildPhase section */
		8566A60A12BD5C92004FA3C1 /* Resources */ = {
			isa = PBXResourcesBuildPhase;
			buildActionMask = 2147483647;
			files = (
				8566A61412BD5C92004FA3C1 /* InfoPlist.strings in Resources */,
			);
			runOnlyForDeploymentPostprocessing = 0;
		};
/* End PBXResourcesBuildPhase section */

/* Begin PBXSourcesBuildPhase section */
		8566A60712BD5C92004FA3C1 /* Sources */ = {
			isa = PBXSourcesBuildPhase;
			buildActionMask = 2147483647;
			files = (
				8566A62812BD5CCB004FA3C1 /* NSColor+CGColor.m in Sources */,
				8566A62A12BD5CCB004FA3C1 /* ORController.m in Sources */,
				8566A62D12BD5CCB004FA3C1 /* ORTitleBar.m in Sources */,
				8566A62F12BD5CCB004FA3C1 /* ORWindow.m in Sources */,
				85DACA4E12C1AFC0008716EC /* NSBezierPath+JDAdditions.m in Sources */,
			);
			runOnlyForDeploymentPostprocessing = 0;
		};
/* End PBXSourcesBuildPhase section */

/* Begin PBXVariantGroup section */
		8566A61212BD5C92004FA3C1 /* InfoPlist.strings */ = {
			isa = PBXVariantGroup;
			children = (
				8566A61312BD5C92004FA3C1 /* en */,
			);
			name = InfoPlist.strings;
			sourceTree = "<group>";
		};
/* End PBXVariantGroup section */

/* Begin XCBuildConfiguration section */
		8566A61512BD5C92004FA3C1 /* Debug */ = {
			isa = XCBuildConfiguration;
			buildSettings = {
				ARCHS = "$(ARCHS_STANDARD_32_64_BIT)";
				GCC_C_LANGUAGE_STANDARD = gnu99;
				GCC_OPTIMIZATION_LEVEL = 0;
				GCC_PREPROCESSOR_DEFINITIONS = DEBUG;
				GCC_VERSION = com.apple.compilers.llvm.clang.1_0;
				GCC_WARN_ABOUT_RETURN_TYPE = YES;
				GCC_WARN_UNUSED_VARIABLE = YES;
				MACOSX_DEPLOYMENT_TARGET = 10.6;
				ONLY_ACTIVE_ARCH = YES;
				PREBINDING = NO;
				SDKROOT = macosx10.6;
			};
			name = Debug;
		};
		8566A61612BD5C92004FA3C1 /* Release */ = {
			isa = XCBuildConfiguration;
			buildSettings = {
				ARCHS = "$(ARCHS_STANDARD_32_64_BIT)";
				GCC_C_LANGUAGE_STANDARD = gnu99;
				GCC_VERSION = com.apple.compilers.llvm.clang.1_0;
				GCC_WARN_ABOUT_RETURN_TYPE = YES;
				GCC_WARN_UNUSED_VARIABLE = YES;
				MACOSX_DEPLOYMENT_TARGET = 10.6;
				PREBINDING = NO;
				SDKROOT = macosx10.6;
			};
			name = Release;
		};
		8566A61812BD5C92004FA3C1 /* Debug */ = {
			isa = XCBuildConfiguration;
			buildSettings = {
				ALWAYS_SEARCH_USER_PATHS = NO;
				COPY_PHASE_STRIP = NO;
				DYLIB_COMPATIBILITY_VERSION = 1;
				DYLIB_CURRENT_VERSION = 1;
				FRAMEWORK_VERSION = A;
				GCC_DYNAMIC_NO_PIC = NO;
				GCC_ENABLE_OBJC_EXCEPTIONS = YES;
				GCC_PRECOMPILE_PREFIX_HEADER = YES;
				GCC_PREFIX_HEADER = "OrganicUI-Prefix.pch";
				INFOPLIST_FILE = "OrganicUI-Info.plist";
				INSTALL_PATH = "@executable_path/../Frameworks";
				PRODUCT_NAME = "$(TARGET_NAME)";
				SYMROOT = /Users/jdrake/Projects/OrganicUI;
				WRAPPER_EXTENSION = framework;
			};
			name = Debug;
		};
		8566A61912BD5C92004FA3C1 /* Release */ = {
			isa = XCBuildConfiguration;
			buildSettings = {
				ALWAYS_SEARCH_USER_PATHS = NO;
				COPY_PHASE_STRIP = YES;
				DEBUG_INFORMATION_FORMAT = "dwarf-with-dsym";
				DYLIB_COMPATIBILITY_VERSION = 1;
				DYLIB_CURRENT_VERSION = 1;
				FRAMEWORK_VERSION = A;
				GCC_ENABLE_OBJC_EXCEPTIONS = YES;
				GCC_PRECOMPILE_PREFIX_HEADER = YES;
				GCC_PREFIX_HEADER = "OrganicUI-Prefix.pch";
				INFOPLIST_FILE = "OrganicUI-Info.plist";
				INSTALL_PATH = "@executable_path/../Frameworks";
				PRODUCT_NAME = "$(TARGET_NAME)";
				SYMROOT = /Users/jdrake/Projects/OrganicUI;
				WRAPPER_EXTENSION = framework;
			};
			name = Release;
		};
/* End XCBuildConfiguration section */

/* Begin XCConfigurationList section */
		8566A60112BD5C92004FA3C1 /* Build configuration list for PBXProject "OrganicUI" */ = {
			isa = XCConfigurationList;
			buildConfigurations = (
				8566A61512BD5C92004FA3C1 /* Debug */,
				8566A61612BD5C92004FA3C1 /* Release */,
			);
			defaultConfigurationIsVisible = 0;
			defaultConfigurationName = Release;
		};
		8566A61712BD5C92004FA3C1 /* Build configuration list for PBXNativeTarget "OrganicUI" */ = {
			isa = XCConfigurationList;
			buildConfigurations = (
				8566A61812BD5C92004FA3C1 /* Debug */,
				8566A61912BD5C92004FA3C1 /* Release */,
			);
			defaultConfigurationIsVisible = 0;
			defaultConfigurationName = Release;
		};
/* End XCConfigurationList section */
	};
	rootObject = 8566A5FE12BD5C92004FA3C1 /* Project object */;
}
